
Microsoft Visual Studio Solution File, Format Version 12.00
# Visual Studio Version 17
VisualStudioVersion = 17.3.32929.385
MinimumVisualStudioVersion = 10.0.40219.1
Project("{FAE04EC0-301F-11D3-BF4B-00C04F79EFBC}") = "db-videogames", "db-videogames.csproj", "{73A4F619-7766-422E-98EA-975947147CF0}"
EndProject
Global
	GlobalSection(SolutionConfigurationPlatforms) = preSolution
		Debug|Any CPU = Debug|Any CPU
		Release|Any CPU = Release|Any CPU
	EndGlobalSection
	GlobalSection(ProjectConfigurationPlatforms) = postSolution
		{73A4F619-7766-422E-98EA-975947147CF0}.Debug|Any CPU.ActiveCfg = Debug|Any CPU
		{73A4F619-7766-422E-98EA-975947147CF0}.Debug|Any CPU.Build.0 = Debug|Any CPU
		{73A4F619-7766-422E-98EA-975947147CF0}.Release|Any CPU.ActiveCfg = Release|Any CPU
		{73A4F619-7766-422E-98EA-975947147CF0}.Release|Any CPU.Build.0 = Release|Any CPU
	EndGlobalSection
	GlobalSection(SolutionProperties) = preSolution
		HideSolutionNode = FALSE
	EndGlobalSection
	GlobalSection(ExtensibilityGlobals) = postSolution
		SolutionGuid = {F46B45FE-4AF7-421C-AA73-938B165C89BD}
	EndGlobalSection
EndGlobal
